
Microsoft Visual Studio Solution File, Format Version 12.00
# Visual Studio Version 17
VisualStudioVersion = 17.5.33627.172
MinimumVisualStudioVersion = 10.0.40219.1
Project("{FAE04EC0-301F-11D3-BF4B-00C04F79EFBC}") = "Home_test.Api", "Home_test.Api\Home_test.Api.csproj", "{A1E7AEF7-D4E8-4420-9838-ABA163B61516}"
EndProject
Global
	GlobalSection(SolutionConfigurationPlatforms) = preSolution
		Debug|Any CPU = Debug|Any CPU
		Release|Any CPU = Release|Any CPU
	EndGlobalSection
	GlobalSection(ProjectConfigurationPlatforms) = postSolution
		{A1E7AEF7-D4E8-4420-9838-ABA163B61516}.Debug|Any CPU.ActiveCfg = Debug|Any CPU
		{A1E7AEF7-D4E8-4420-9838-ABA163B61516}.Debug|Any CPU.Build.0 = Debug|Any CPU
		{A1E7AEF7-D4E8-4420-9838-ABA163B61516}.Release|Any CPU.ActiveCfg = Release|Any CPU
		{A1E7AEF7-D4E8-4420-9838-ABA163B61516}.Release|Any CPU.Build.0 = Release|Any CPU
	EndGlobalSection
	GlobalSection(SolutionProperties) = preSolution
		HideSolutionNode = FALSE
	EndGlobalSection
	GlobalSection(ExtensibilityGlobals) = postSolution
		SolutionGuid = {F2B0B390-0A51-41C3-BD12-83672D08E743}
	EndGlobalSection
EndGlobal
